Microsoft Visual Studio Solution File, Format Version 7.00
Project("{8BC9CEB8-8B4A-11D0-8D11-00A0C91BC942}") = "s1debug", "s1debug.vcproj", "{73B725A8-50A4-44E9-8B34-836E8F7458F9}"
EndProject
Global
	GlobalSection(SolutionConfiguration) = preSolution
		ConfigName.0 = Debug
		ConfigName.1 = Release
	EndGlobalSection
	GlobalSection(ProjectDependencies) = postSolution
	EndGlobalSection
	GlobalSection(ProjectConfiguration) = postSolution
		{73B725A8-50A4-44E9-8B34-836E8F7458F9}.Debug.ActiveCfg = Debug|Win32
		{73B725A8-50A4-44E9-8B34-836E8F7458F9}.Debug.Build.0 = Debug|Win32
		{73B725A8-50A4-44E9-8B34-836E8F7458F9}.Release.ActiveCfg = Release|Win32
		{73B725A8-50A4-44E9-8B34-836E8F7458F9}.Release.Build.0 = Release|Win32
	EndGlobalSection
	GlobalSection(ExtensibilityGlobals) = postSolution
	EndGlobalSection
	GlobalSection(ExtensibilityAddIns) = postSolution
	EndGlobalSection
EndGlobal
