
Microsoft Visual Studio Solution File, Format Version 10.00
# Visual Studio 2008
Project("{8BC9CEB8-8B4A-11D0-8D11-00A0C91BC942}") = "s1clone", "s1clone.vcproj", "{0EBBF894-9031-4BDD-9AAE-FFC55C9DBCF2}"
EndProject
Project("{8BC9CEB8-8B4A-11D0-8D11-00A0C91BC942}") = "installer", "installer\installer.vcproj", "{461018CC-7023-4817-82DC-E9B3C8E1345A}"
	ProjectSection(ProjectDependencies) = postProject
		{0EBBF894-9031-4BDD-9AAE-FFC55C9DBCF2} = {0EBBF894-9031-4BDD-9AAE-FFC55C9DBCF2}
	EndProjectSection
EndProject
Global
	GlobalSection(SolutionConfigurationPlatforms) = preSolution
		Debug|Win32 = Debug|Win32
		Release|Win32 = Release|Win32
	EndGlobalSection
	GlobalSection(ProjectConfigurationPlatforms) = postSolution
		{0EBBF894-9031-4BDD-9AAE-FFC55C9DBCF2}.Debug|Win32.ActiveCfg = Debug|Win32
		{0EBBF894-9031-4BDD-9AAE-FFC55C9DBCF2}.Debug|Win32.Build.0 = Debug|Win32
		{0EBBF894-9031-4BDD-9AAE-FFC55C9DBCF2}.Release|Win32.ActiveCfg = Release|Win32
		{0EBBF894-9031-4BDD-9AAE-FFC55C9DBCF2}.Release|Win32.Build.0 = Release|Win32
		{461018CC-7023-4817-82DC-E9B3C8E1345A}.Debug|Win32.ActiveCfg = Debug|Win32
		{461018CC-7023-4817-82DC-E9B3C8E1345A}.Release|Win32.ActiveCfg = Release|Win32
		{461018CC-7023-4817-82DC-E9B3C8E1345A}.Release|Win32.Build.0 = Release|Win32
	EndGlobalSection
	GlobalSection(SolutionProperties) = preSolution
		HideSolutionNode = FALSE
	EndGlobalSection
EndGlobal
